// !$*UTF8*$!
{
	archiveVersion = 1;
	classes = {
	};
	objectVersion = 50;
	objects = {

/* Begin PBXBuildFile section */
		13892A0923CA63C400945E21 /* AppDelegate.swift in Sources */ = {isa = PBXBuildFile; fileRef = 13892A0823CA63C400945E21 /* AppDelegate.swift */; };
		13892A0B23CA63C400945E21 /* SceneDelegate.swift in Sources */ = {isa = PBXBuildFile; fileRef = 13892A0A23CA63C400945E21 /* SceneDelegate.swift */; };
		13892A0D23CA63C400945E21 /* ContentView.swift in Sources */ = {isa = PBXBuildFile; fileRef = 13892A0C23CA63C400945E21 /* ContentView.swift */; };
		13892A0F23CA63C700945E21 /* Assets.xcassets in Resources */ = {isa = PBXBuildFile; fileRef = 13892A0E23CA63C700945E21 /* Assets.xcassets */; };
		13892A1223CA63C700945E21 /* Preview Assets.xcassets in Resources */ = {isa = PBXBuildFile; fileRef = 13892A1123CA63C700945E21 /* Preview Assets.xcassets */; };
		13892A1523CA63C700945E21 /* LaunchScreen.storyboard in Resources */ = {isa = PBXBuildFile; fileRef = 13892A1323CA63C700945E21 /* LaunchScreen.storyboard */; };
/* End PBXBuildFile section */

/* Begin PBXFileReference section */
		13892A0523CA63C400945E21 /* PopSave2.app */ = {isa = PBXFileReference; explicitFileType = wrapper.application; includeInIndex = 0; path = PopSave2.app; sourceTree = BUILT_PRODUCTS_DIR; };
		13892A0823CA63C400945E21 /* AppDelegate.swift */ = {isa = PBXFileReference; lastKnownFileType = sourcecode.swift; path = AppDelegate.swift; sourceTree = "<group>"; };
		13892A0A23CA63C400945E21 /* SceneDelegate.swift */ = {isa = PBXFileReference; lastKnownFileType = sourcecode.swift; path = SceneDelegate.swift; sourceTree = "<group>"; };
		13892A0C23CA63C400945E21 /* ContentView.swift */ = {isa = PBXFileReference; lastKnownFileType = sourcecode.swift; path = ContentView.swift; sourceTree = "<group>"; };
		13892A0E23CA63C700945E21 /* Assets.xcassets */ = {isa = PBXFileReference; lastKnownFileType = folder.assetcatalog; path = Assets.xcassets; sourceTree = "<group>"; };
		13892A1123CA63C700945E21 /* Preview Assets.xcassets */ = {isa = PBXFileReference; lastKnownFileType = folder.assetcatalog; path = "Preview Assets.xcassets"; sourceTree = "<group>"; };
		13892A1423CA63C700945E21 /* Base */ = {isa = PBXFileReference; lastKnownFileType = file.storyboard; name = Base; path = Base.lproj/LaunchScreen.storyboard; sourceTree = "<group>"; };
		13892A1623CA63C700945E21 /* Info.plist */ = {isa = PBXFileReference; lastKnownFileType = text.plist.xml; path = Info.plist; sourceTree = "<group>"; };
/* End PBXFileReference section */

/* Begin PBXFrameworksBuildPhase section */
		13892A0223CA63C400945E21 /* Frameworks */ = {
			isa = PBXFrameworksBuildPhase;
			buildActionMask = 2147483647;
			files = (
			);
			runOnlyForDeploymentPostprocessing = 0;
		};
/* End PBXFrameworksBuildPhase section */

/* Begin PBXGroup section */
		138929FC23CA63C400945E21 = {
			isa = PBXGroup;
			children = (
				13892A0723CA63C400945E21 /* PopSave2 */,
				13892A0623CA63C400945E21 /* Products */,
			);
			sourceTree = "<group>";
		};
		13892A0623CA63C400945E21 /* Products */ = {
			isa = PBXGroup;
			children = (
				13892A0523CA63C400945E21 /* PopSave2.app */,
			);
			name = Products;
			sourceTree = "<group>";
		};
		13892A0723CA63C400945E21 /* PopSave2 */ = {
			isa = PBXGroup;
			children = (
				13892A0823CA63C400945E21 /* AppDelegate.swift */,
				13892A0A23CA63C400945E21 /* SceneDelegate.swift */,
				13892A0C23CA63C400945E21 /* ContentView.swift */,
				13892A0E23CA63C700945E21 /* Assets.xcassets */,
				13892A1323CA63C700945E21 /* LaunchScreen.storyboard */,
				13892A1623CA63C700945E21 /* Info.plist */,
				13892A1023CA63C700945E21 /* Preview Content */,
			);
			path = PopSave2;
			sourceTree = "<group>";
		};
		13892A1023CA63C700945E21 /* Preview Content */ = {
			isa = PBXGroup;
			children = (
				13892A1123CA63C700945E21 /* Preview Assets.xcassets */,
			);
			path = "Preview Content";
			sourceTree = "<group>";
		};
/* End PBXGroup section */

/* Begin PBXNativeTarget section */
		13892A0423CA63C400945E21 /* PopSave2 */ = {
			isa = PBXNativeTarget;
			buildConfigurationList = 13892A1923CA63C700945E21 /* Build configuration list for PBXNativeTarget "PopSave2" */;
			buildPhases = (
				13892A0123CA63C400945E21 /* Sources */,
				13892A0223CA63C400945E21 /* Frameworks */,
				13892A0323CA63C400945E21 /* Resources */,
			);
			buildRules = (
			);
			dependencies = (
			);
			name = PopSave2;
			productName = PopSave2;
			productReference = 13892A0523CA63C400945E21 /* PopSave2.app */;
			productType = "com.apple.product-type.application";
		};
/* End PBXNativeTarget section */

/* Begin PBXProject section */
		138929FD23CA63C400945E21 /* Project object */ = {
			isa = PBXProject;
			attributes = {
				LastSwiftUpdateCheck = 1130;
				LastUpgradeCheck = 1130;
				ORGANIZATIONNAME = "Lilit Mesropyan";
				TargetAttributes = {
					13892A0423CA63C400945E21 = {
						CreatedOnToolsVersion = 11.3;
					};
				};
			};
			buildConfigurationList = 13892A0023CA63C400945E21 /* Build configuration list for PBXProject "PopSave2" */;
			compatibilityVersion = "Xcode 9.3";
			developmentRegion = en;
			hasScannedForEncodings = 0;
			knownRegions = (
				en,
				Base,
			);
			mainGroup = 138929FC23CA63C400945E21;
			productRefGroup = 13892A0623CA63C400945E21 /* Products */;
			projectDirPath = "";
			projectRoot = "";
			targets = (
				13892A0423CA63C400945E21 /* PopSave2 */,
			);
		};
/* End PBXProject section */

/* Begin PBXResourcesBuildPhase section */
		13892A0323CA63C400945E21 /* Resources */ = {
			isa = PBXResourcesBuildPhase;
			buildActionMask = 2147483647;
			files = (
				13892A1523CA63C700945E21 /* LaunchScreen.storyboard in Resources */,
				13892A1223CA63C700945E21 /* Preview Assets.xcassets in Resources */,
				13892A0F23CA63C700945E21 /* Assets.xcassets in Resources */,
			);
			runOnlyForDeploymentPostprocessing = 0;
		};
/* End PBXResourcesBuildPhase section */

/* Begin PBXSourcesBuildPhase section */
		13892A0123CA63C400945E21 /* Sources */ = {
			isa = PBXSourcesBuildPhase;
			buildActionMask = 2147483647;
			files = (
				13892A0923CA63C400945E21 /* AppDelegate.swift in Sources */,
				13892A0B23CA63C400945E21 /* SceneDelegate.swift in Sources */,
				13892A0D23CA63C400945E21 /* ContentView.swift in Sources */,
			);
			runOnlyForDeploymentPostprocessing = 0;
		};
/* End PBXSourcesBuildPhase section */

/* Begin PBXVariantGroup section */
		13892A1323CA63C700945E21 /* LaunchScreen.storyboard */ = {
			isa = PBXVariantGroup;
			children = (
				13892A1423CA63C700945E21 /* Base */,
			);
			name = LaunchScreen.storyboard;
			sourceTree = "<group>";
		};
/* End PBXVariantGroup section */

/* Begin XCBuildConfiguration section */
		13892A1723CA63C700945E21 /* Debug */ = {
			isa = XCBuildConfiguration;
			buildSettings = {
				ALWAYS_SEARCH_USER_PATHS = NO;
				CLANG_ANALYZER_NONNULL = YES;
				CLANG_ANALYZER_NUMBER_OBJECT_CONVERSION = YES_AGGRESSIVE;
				CLANG_CXX_LANGUAGE_STANDARD = "gnu++14";
				CLANG_CXX_LIBRARY = "libc++";
				CLANG_ENABLE_MODULES = YES;
				CLANG_ENABLE_OBJC_ARC = YES;
				CLANG_ENABLE_OBJC_WEAK = YES;
				CLANG_WARN_BLOCK_CAPTURE_AUTORELEASING = YES;
				CLANG_WARN_BOOL_CONVERSION = YES;
				CLANG_WARN_COMMA = YES;
				CLANG_WARN_CONSTANT_CONVERSION = YES;
				CLANG_WARN_DEPRECATED_OBJC_IMPLEMENTATIONS = YES;
				CLANG_WARN_DIRECT_OBJC_ISA_USAGE = YES_ERROR;
				CLANG_WARN_DOCUMENTATION_COMMENTS = YES;
				CLANG_WARN_EMPTY_BODY = YES;
				CLANG_WARN_ENUM_CONVERSION = YES;
				CLANG_WARN_INFINITE_RECURSION = YES;
				CLANG_WARN_INT_CONVERSION = YES;
				CLANG_WARN_NON_LITERAL_NULL_CONVERSION = YES;
				CLANG_WARN_OBJC_IMPLICIT_RETAIN_SELF = YES;
				CLANG_WARN_OBJC_LITERAL_CONVERSION = YES;
				CLANG_WARN_OBJC_ROOT_CLASS = YES_ERROR;
				CLANG_WARN_RANGE_LOOP_ANALYSIS = YES;
				CLANG_WARN_STRICT_PROTOTYPES = YES;
				CLANG_WARN_SUSPICIOUS_MOVE = YES;
				CLANG_WARN_UNGUARDED_AVAILABILITY = YES_AGGRESSIVE;
				CLANG_WARN_UNREACHABLE_CODE = YES;
				CLANG_WARN__DUPLICATE_METHOD_MATCH = YES;
				COPY_PHASE_STRIP = NO;
				DEBUG_INFORMATION_FORMAT = dwarf;
				ENABLE_STRICT_OBJC_MSGSEND = YES;
				ENABLE_TESTABILITY = YES;
				GCC_C_LANGUAGE_STANDARD = gnu11;
				GCC_DYNAMIC_NO_PIC = NO;
				GCC_NO_COMMON_BLOCKS = YES;
				GCC_OPTIMIZATION_LEVEL = 0;
				GCC_PREPROCESSOR_DEFINITIONS = (
					"DEBUG=1",
					"$(inherited)",
				);
				GCC_WARN_64_TO_32_BIT_CONVERSION = YES;
				GCC_WARN_ABOUT_RETURN_TYPE = YES_ERROR;
				GCC_WARN_UNDECLARED_SELECTOR = YES;
				GCC_WARN_UNINITIALIZED_AUTOS = YES_AGGRESSIVE;
				GCC_WARN_UNUSED_FUNCTION = YES;
				GCC_WARN_UNUSED_VARIABLE = YES;
				IPHONEOS_DEPLOYMENT_TARGET = 13.2;
				MTL_ENABLE_DEBUG_INFO = INCLUDE_SOURCE;
				MTL_FAST_MATH = YES;
				ONLY_ACTIVE_ARCH = YES;
				SDKROOT = iphoneos;
				SWIFT_ACTIVE_COMPILATION_CONDITIONS = DEBUG;
				SWIFT_OPTIMIZATION_LEVEL = "-Onone";
			};
			name = Debug;
		};
		13892A1823CA63C700945E21 /* Release */ = {
			isa = XCBuildConfiguration;
			buildSettings = {
				ALWAYS_SEARCH_USER_PATHS = NO;
				CLANG_ANALYZER_NONNULL = YES;
				CLANG_ANALYZER_NUMBER_OBJECT_CONVERSION = YES_AGGRESSIVE;
				CLANG_CXX_LANGUAGE_STANDARD = "gnu++14";
				CLANG_CXX_LIBRARY = "libc++";
				CLANG_ENABLE_MODULES = YES;
				CLANG_ENABLE_OBJC_ARC = YES;
				CLANG_ENABLE_OBJC_WEAK = YES;
				CLANG_WARN_BLOCK_CAPTURE_AUTORELEASING = YES;
				CLANG_WARN_BOOL_CONVERSION = YES;
				CLANG_WARN_COMMA = YES;
				CLANG_WARN_CONSTANT_CONVERSION = YES;
				CLANG_WARN_DEPRECATED_OBJC_IMPLEMENTATIONS = YES;
				CLANG_WARN_DIRECT_OBJC_ISA_USAGE = YES_ERROR;
				CLANG_WARN_DOCUMENTATION_COMMENTS = YES;
				CLANG_WARN_EMPTY_BODY = YES;
				CLANG_WARN_ENUM_CONVERSION = YES;
				CLANG_WARN_INFINITE_RECURSION = YES;
				CLANG_WARN_INT_CONVERSION = YES;
				CLANG_WARN_NON_LITERAL_NULL_CONVERSION = YES;
				CLANG_WARN_OBJC_IMPLICIT_RETAIN_SELF = YES;
				CLANG_WARN_OBJC_LITERAL_CONVERSION = YES;
				CLANG_WARN_OBJC_ROOT_CLASS = YES_ERROR;
				CLANG_WARN_RANGE_LOOP_ANALYSIS = YES;
				CLANG_WARN_STRICT_PROTOTYPES = YES;
				CLANG_WARN_SUSPICIOUS_MOVE = YES;
				CLANG_WARN_UNGUARDED_AVAILABILITY = YES_AGGRESSIVE;
				CLANG_WARN_UNREACHABLE_CODE = YES;
				CLANG_WARN__DUPLICATE_METHOD_MATCH = YES;
				COPY_PHASE_STRIP = NO;
				DEBUG_INFORMATION_FORMAT = "dwarf-with-dsym";
				ENABLE_NS_ASSERTIONS = NO;
				ENABLE_STRICT_OBJC_MSGSEND = YES;
				GCC_C_LANGUAGE_STANDARD = gnu11;
				GCC_NO_COMMON_BLOCKS = YES;
				GCC_WARN_64_TO_32_BIT_CONVERSION = YES;
				GCC_WARN_ABOUT_RETURN_TYPE = YES_ERROR;
				GCC_WARN_UNDECLARED_SELECTOR = YES;
				GCC_WARN_UNINITIALIZED_AUTOS = YES_AGGRESSIVE;
				GCC_WARN_UNUSED_FUNCTION = YES;
				GCC_WARN_UNUSED_VARIABLE = YES;
				IPHONEOS_DEPLOYMENT_TARGET = 13.2;
				MTL_ENABLE_DEBUG_INFO = NO;
				MTL_FAST_MATH = YES;
				SDKROOT = iphoneos;
				SWIFT_COMPILATION_MODE = wholemodule;
				SWIFT_OPTIMIZATION_LEVEL = "-O";
				VALIDATE_PRODUCT = YES;
			};
			name = Release;
		};
		13892A1A23CA63C700945E21 /* Debug */ = {
			isa = XCBuildConfiguration;
			buildSettings = {
				ASSETCATALOG_COMPILER_APPICON_NAME = AppIcon;
				CODE_SIGN_STYLE = Automatic;
				DEVELOPMENT_ASSET_PATHS = "\"PopSave2/Preview Content\"";
				DEVELOPMENT_TEAM = XQ2BWM8Z46;
				ENABLE_PREVIEWS = YES;
				INFOPLIST_FILE = PopSave2/Info.plist;
				LD_RUNPATH_SEARCH_PATHS = (
					"$(inherited)",
					"@executable_path/Frameworks",
				);
				PRODUCT_BUNDLE_IDENTIFIER = sh4.PopSave2;
				PRODUCT_NAME = "$(TARGET_NAME)";
				SWIFT_VERSION = 5.0;
				TARGETED_DEVICE_FAMILY = "1,2";
			};
			name = Debug;
		};
		13892A1B23CA63C700945E21 /* Release */ = {
			isa = XCBuildConfiguration;
			buildSettings = {
				ASSETCATALOG_COMPILER_APPICON_NAME = AppIcon;
				CODE_SIGN_STYLE = Automatic;
				DEVELOPMENT_ASSET_PATHS = "\"PopSave2/Preview Content\"";
				DEVELOPMENT_TEAM = XQ2BWM8Z46;
				ENABLE_PREVIEWS = YES;
				INFOPLIST_FILE = PopSave2/Info.plist;
				LD_RUNPATH_SEARCH_PATHS = (
					"$(inherited)",
					"@executable_path/Frameworks",
				);
				PRODUCT_BUNDLE_IDENTIFIER = sh4.PopSave2;
				PRODUCT_NAME = "$(TARGET_NAME)";
				SWIFT_VERSION = 5.0;
				TARGETED_DEVICE_FAMILY = "1,2";
			};
			name = Release;
		};
/* End XCBuildConfiguration section */

/* Begin XCConfigurationList section */
		13892A0023CA63C400945E21 /* Build configuration list for PBXProject "PopSave2" */ = {
			isa = XCConfigurationList;
			buildConfigurations = (
				13892A1723CA63C700945E21 /* Debug */,
				13892A1823CA63C700945E21 /* Release */,
			);
			defaultConfigurationIsVisible = 0;
			defaultConfigurationName = Release;
		};
		13892A1923CA63C700945E21 /* Build configuration list for PBXNativeTarget "PopSave2" */ = {
			isa = XCConfigurationList;
			buildConfigurations = (
				13892A1A23CA63C700945E21 /* Debug */,
				13892A1B23CA63C700945E21 /* Release */,
			);
			defaultConfigurationIsVisible = 0;
			defaultConfigurationName = Release;
		};
/* End XCConfigurationList section */
	};
	rootObject = 138929FD23CA63C400945E21 /* Project object */;
}
